skills:
  bombshell-dev-clack:
    packageName: "@clack/prompts"
    version: 1.0.1
    packages: "@clack/prompts@1.0.1"
    repo: bombshell-dev/clack
    source: "ungh://bombshell-dev/clack/packages/prompts"
    syncedAt: 2026-02-14
    generator: skilld
  unjs-citty:
    packageName: citty
    version: 0.2.1
    packages: "citty@0.2.1"
    repo: unjs/citty
    source: "ungh://unjs/citty"
    syncedAt: 2026-02-14
    generator: skilld
  sindresorhus-log-update:
    packageName: log-update
    version: 7.1.0
    repo: sindresorhus/log-update
    source: "https://raw.githubusercontent.com/sindresorhus/log-update/main/readme.md"
    syncedAt: 2026-02-13
    generator: skilld
  microsoft-typescript:
    packageName: typescript
    version: 6.0.0-beta
    packages: "typescript@6.0.0-beta"
    repo: microsoft/TypeScript
    source: "ungh://microsoft/TypeScript"
    syncedAt: 2026-02-14
    generator: skilld
